
Microsoft Visual Studio Solution File, Format Version 11.00
# Visual Studio 2010
Project("{E24C65DC-7377-472B-9ABA-BC803B73C61A}") = "Paul.UtahPlanners.Web", "Paul.UtahPlanners.Web\", "{916095AD-1A73-47DE-A0A6-69B4B155FA44}"
	ProjectSection(WebsiteProperties) = preProject
		SccProjectName = "Svn"
		SccAuxPath = "Svn"
		SccLocalPath = "Svn"
		SccProvider = "SubversionScc"
		TargetFrameworkMoniker = ".NETFramework,Version%3Dv4.0"
		Debug.AspNetCompiler.VirtualPath = "/Paul.UtahPlanners.Web"
		Debug.AspNetCompiler.PhysicalPath = "Paul.UtahPlanners.Web\"
		Debug.AspNetCompiler.TargetPath = "PrecompiledWeb\Paul.UtahPlanners.Web\"
		Debug.AspNetCompiler.Updateable = "true"
		Debug.AspNetCompiler.ForceOverwrite = "true"
		Debug.AspNetCompiler.FixedNames = "false"
		Debug.AspNetCompiler.Debug = "True"
		Release.AspNetCompiler.VirtualPath = "/Paul.UtahPlanners.Web"
		Release.AspNetCompiler.PhysicalPath = "Paul.UtahPlanners.Web\"
		Release.AspNetCompiler.TargetPath = "PrecompiledWeb\Paul.UtahPlanners.Web\"
		Release.AspNetCompiler.Updateable = "true"
		Release.AspNetCompiler.ForceOverwrite = "true"
		Release.AspNetCompiler.FixedNames = "false"
		Release.AspNetCompiler.Debug = "False"
		VWDPort = "51416"
	EndProjectSection
	ProjectSection(SvnOrigin) = preProject
		@Keys = Enlist
		Enlist = Required
	EndProjectSection
EndProject
Project("{FAE04EC0-301F-11D3-BF4B-00C04F79EFBC}") = "UtahPlanners.MVC2", "UtahPlanners.MVC\UtahPlanners.MVC2.csproj", "{2D0B791D-D39B-46C5-9274-56A4E55C0FF0}"
EndProject
Project("{FAE04EC0-301F-11D3-BF4B-00C04F79EFBC}") = "UtahPlanners.Test", "UtahPlanners.MVC.Tests\UtahPlanners.Test.csproj", "{3813ED75-7704-43EC-BC65-CC1F553F04B1}"
EndProject
Project("{FAE04EC0-301F-11D3-BF4B-00C04F79EFBC}") = "UtahPlanners.MVC3", "UtahPlanners.MVC3\UtahPlanners.MVC3.csproj", "{8CBF41B7-4E2E-4598-89CB-E2F3493092C5}"
	ProjectSection(ProjectDependencies) = postProject
		{B1E0267B-DC6D-4B4C-861F-7CDE0FACC905} = {B1E0267B-DC6D-4B4C-861F-7CDE0FACC905}
	EndProjectSection
EndProject
Project("{FAE04EC0-301F-11D3-BF4B-00C04F79EFBC}") = "Paul.UtahPlanners.Infrastructure", "Paul.UtahPlanners.Infrastructure\Paul.UtahPlanners.Infrastructure.csproj", "{7498DE95-BE40-467F-906E-08F3D9630DAB}"
EndProject
Project("{FAE04EC0-301F-11D3-BF4B-00C04F79EFBC}") = "Paul.UtahPlanners.Domain", "Paul.UtahPlanners.Domain\Paul.UtahPlanners.Domain.csproj", "{43DCBCA9-0F66-40FD-94FF-1FEE07908BBF}"
EndProject
Project("{FAE04EC0-301F-11D3-BF4B-00C04F79EFBC}") = "Paul.UtahPlanners.Application", "Paul.UtahPlanners.Application\Paul.UtahPlanners.Application.csproj", "{B1E0267B-DC6D-4B4C-861F-7CDE0FACC905}"
EndProject
Global
	GlobalSection(SubversionScc) = preSolution
		Svn-Managed = True
		Manager = AnkhSVN - Subversion Support for Visual Studio
	EndGlobalSection
	GlobalSection(SolutionConfigurationPlatforms) = preSolution
		Debug|Any CPU = Debug|Any CPU
		Release|Any CPU = Release|Any CPU
	EndGlobalSection
	GlobalSection(ProjectConfigurationPlatforms) = postSolution
		{916095AD-1A73-47DE-A0A6-69B4B155FA44}.Debug|Any CPU.ActiveCfg = Debug|Any CPU
		{916095AD-1A73-47DE-A0A6-69B4B155FA44}.Debug|Any CPU.Build.0 = Debug|Any CPU
		{916095AD-1A73-47DE-A0A6-69B4B155FA44}.Release|Any CPU.ActiveCfg = Debug|Any CPU
		{916095AD-1A73-47DE-A0A6-69B4B155FA44}.Release|Any CPU.Build.0 = Debug|Any CPU
		{2D0B791D-D39B-46C5-9274-56A4E55C0FF0}.Debug|Any CPU.ActiveCfg = Debug|Any CPU
		{2D0B791D-D39B-46C5-9274-56A4E55C0FF0}.Debug|Any CPU.Build.0 = Debug|Any CPU
		{2D0B791D-D39B-46C5-9274-56A4E55C0FF0}.Release|Any CPU.ActiveCfg = Release|Any CPU
		{2D0B791D-D39B-46C5-9274-56A4E55C0FF0}.Release|Any CPU.Build.0 = Release|Any CPU
		{3813ED75-7704-43EC-BC65-CC1F553F04B1}.Debug|Any CPU.ActiveCfg = Debug|Any CPU
		{3813ED75-7704-43EC-BC65-CC1F553F04B1}.Debug|Any CPU.Build.0 = Debug|Any CPU
		{3813ED75-7704-43EC-BC65-CC1F553F04B1}.Release|Any CPU.ActiveCfg = Release|Any CPU
		{3813ED75-7704-43EC-BC65-CC1F553F04B1}.Release|Any CPU.Build.0 = Release|Any CPU
		{8CBF41B7-4E2E-4598-89CB-E2F3493092C5}.Debug|Any CPU.ActiveCfg = Debug|Any CPU
		{8CBF41B7-4E2E-4598-89CB-E2F3493092C5}.Debug|Any CPU.Build.0 = Debug|Any CPU
		{8CBF41B7-4E2E-4598-89CB-E2F3493092C5}.Release|Any CPU.ActiveCfg = Release|Any CPU
		{8CBF41B7-4E2E-4598-89CB-E2F3493092C5}.Release|Any CPU.Build.0 = Release|Any CPU
		{7498DE95-BE40-467F-906E-08F3D9630DAB}.Debug|Any CPU.ActiveCfg = Debug|Any CPU
		{7498DE95-BE40-467F-906E-08F3D9630DAB}.Debug|Any CPU.Build.0 = Debug|Any CPU
		{7498DE95-BE40-467F-906E-08F3D9630DAB}.Release|Any CPU.ActiveCfg = Release|Any CPU
		{7498DE95-BE40-467F-906E-08F3D9630DAB}.Release|Any CPU.Build.0 = Release|Any CPU
		{43DCBCA9-0F66-40FD-94FF-1FEE07908BBF}.Debug|Any CPU.ActiveCfg = Debug|Any CPU
		{43DCBCA9-0F66-40FD-94FF-1FEE07908BBF}.Debug|Any CPU.Build.0 = Debug|Any CPU
		{43DCBCA9-0F66-40FD-94FF-1FEE07908BBF}.Release|Any CPU.ActiveCfg = Release|Any CPU
		{43DCBCA9-0F66-40FD-94FF-1FEE07908BBF}.Release|Any CPU.Build.0 = Release|Any CPU
		{B1E0267B-DC6D-4B4C-861F-7CDE0FACC905}.Debug|Any CPU.ActiveCfg = Debug|Any CPU
		{B1E0267B-DC6D-4B4C-861F-7CDE0FACC905}.Debug|Any CPU.Build.0 = Debug|Any CPU
		{B1E0267B-DC6D-4B4C-861F-7CDE0FACC905}.Release|Any CPU.ActiveCfg = Release|Any CPU
		{B1E0267B-DC6D-4B4C-861F-7CDE0FACC905}.Release|Any CPU.Build.0 = Release|Any CPU
	EndGlobalSection
	GlobalSection(SolutionProperties) = preSolution
		HideSolutionNode = FALSE
	EndGlobalSection
EndGlobal
